
Microsoft Visual Studio Solution File, Format Version 12.00
# Visual Studio 14
VisualStudioVersion = 14.0.25123.0
MinimumVisualStudioVersion = 10.0.40219.1
Project("{FAE04EC0-301F-11D3-BF4B-00C04F79EFBC}") = "TestVerktygProjektOlofBuhlin", "TestVerktygProjektOlofBuhlin\TestVerktygProjektOlofBuhlin.csproj", "{B3AC19A6-FBF2-4EE1-B412-532AD6CE6FD3}"
EndProject
Global
	GlobalSection(SolutionConfigurationPlatforms) = preSolution
		Debug|Any CPU = Debug|Any CPU
		Release|Any CPU = Release|Any CPU
	EndGlobalSection
	GlobalSection(ProjectConfigurationPlatforms) = postSolution
		{B3AC19A6-FBF2-4EE1-B412-532AD6CE6FD3}.Debug|Any CPU.ActiveCfg = Debug|Any CPU
		{B3AC19A6-FBF2-4EE1-B412-532AD6CE6FD3}.Debug|Any CPU.Build.0 = Debug|Any CPU
		{B3AC19A6-FBF2-4EE1-B412-532AD6CE6FD3}.Release|Any CPU.ActiveCfg = Release|Any CPU
		{B3AC19A6-FBF2-4EE1-B412-532AD6CE6FD3}.Release|Any CPU.Build.0 = Release|Any CPU
	EndGlobalSection
	GlobalSection(SolutionProperties) = preSolution
		HideSolutionNode = FALSE
	EndGlobalSection
EndGlobal
